# THIS IS AN AUTOGENERATED FILE. DO NOT EDIT THIS FILE DIRECTLY.
# yarn lockfile v1


lodash@^4.17.15:
  version "4.17.15"
  resolved "https://registry.npm.taobao.org/lodash/download/lodash-4.17.15.tgz?cache=0&other_urls=https%3A%2F%2Fregistry.npm.taobao.org%2Flodash%2Fdownload%2Flodash-4.17.15.tgz#b447f6670a0455bbfeedd11392eff330ea097548"
  integrity sha1-tEf2ZwoEVbv+7dETku/zMOoJdUg=

validator@^12.0.0:
  version "12.0.0"
  resolved "https://registry.yarnpkg.com/validator/-/validator-12.0.0.tgz#fb33221f5320abe2422cda2f517dc3838064e813"
  integrity sha512-r5zA1cQBEOgYlesRmSEwc9LkbfNLTtji+vWyaHzRZUxCTHdsX3bd+sdHfs5tGZ2W6ILGGsxWxCNwT/h3IY/3ng==
